
Microsoft Visual Studio Solution File, Format Version 12.00
# Visual Studio 15
VisualStudioVersion = 15.0.28307.102
MinimumVisualStudioVersion = 10.0.40219.1
Project("{9A19103F-16F7-4668-BE54-9A1E7A4F7556}") = "SportsStore", "SportsStore\SportsStore.csproj", "{3A9A0447-A3F3-4442-962D-4A5FDB2FDD0F}"
EndProject
Project("{FAE04EC0-301F-11D3-BF4B-00C04F79EFBC}") = "SportsStore.Test", "SportsStore.Test\SportsStore.Test.csproj", "{1B4A34F3-A025-423F-A067-494C44490FBE}"
EndProject
Global
	GlobalSection(SolutionConfigurationPlatforms) = preSolution
		Debug|Any CPU = Debug|Any CPU
		Release|Any CPU = Release|Any CPU
	EndGlobalSection
	GlobalSection(ProjectConfigurationPlatforms) = postSolution
		{3A9A0447-A3F3-4442-962D-4A5FDB2FDD0F}.Debug|Any CPU.ActiveCfg = Debug|Any CPU
		{3A9A0447-A3F3-4442-962D-4A5FDB2FDD0F}.Debug|Any CPU.Build.0 = Debug|Any CPU
		{3A9A0447-A3F3-4442-962D-4A5FDB2FDD0F}.Release|Any CPU.ActiveCfg = Release|Any CPU
		{3A9A0447-A3F3-4442-962D-4A5FDB2FDD0F}.Release|Any CPU.Build.0 = Release|Any CPU
		{1B4A34F3-A025-423F-A067-494C44490FBE}.Debug|Any CPU.ActiveCfg = Debug|Any CPU
		{1B4A34F3-A025-423F-A067-494C44490FBE}.Debug|Any CPU.Build.0 = Debug|Any CPU
		{1B4A34F3-A025-423F-A067-494C44490FBE}.Release|Any CPU.ActiveCfg = Release|Any CPU
		{1B4A34F3-A025-423F-A067-494C44490FBE}.Release|Any CPU.Build.0 = Release|Any CPU
	EndGlobalSection
	GlobalSection(SolutionProperties) = preSolution
		HideSolutionNode = FALSE
	EndGlobalSection
	GlobalSection(ExtensibilityGlobals) = postSolution
		SolutionGuid = {DC047FE7-B6CF-406C-A9EE-992EB83EA668}
	EndGlobalSection
EndGlobal
